
Microsoft Visual Studio Solution File, Format Version 12.00
# Visual Studio Version 17
VisualStudioVersion = 17.3.32901.215
MinimumVisualStudioVersion = 10.0.40219.1
Project("{9A19103F-16F7-4668-BE54-9A1E7A4F7556}") = "MiniBank.Console", "MiniBank.Console\MiniBank.Console.csproj", "{6062883E-FDC5-41D9-BAAB-A993273318BF}"
EndProject
Project("{9A19103F-16F7-4668-BE54-9A1E7A4F7556}") = "MSDataAccess", "MSDataAccess\MSDataAccess.csproj", "{55F7ADA8-F20D-4ED0-9780-56D840718C9F}"
EndProject
Global
	GlobalSection(SolutionConfigurationPlatforms) = preSolution
		Debug|Any CPU = Debug|Any CPU
		Release|Any CPU = Release|Any CPU
	EndGlobalSection
	GlobalSection(ProjectConfigurationPlatforms) = postSolution
		{6062883E-FDC5-41D9-BAAB-A993273318BF}.Debug|Any CPU.ActiveCfg = Debug|Any CPU
		{6062883E-FDC5-41D9-BAAB-A993273318BF}.Debug|Any CPU.Build.0 = Debug|Any CPU
		{6062883E-FDC5-41D9-BAAB-A993273318BF}.Release|Any CPU.ActiveCfg = Release|Any CPU
		{6062883E-FDC5-41D9-BAAB-A993273318BF}.Release|Any CPU.Build.0 = Release|Any CPU
		{55F7ADA8-F20D-4ED0-9780-56D840718C9F}.Debug|Any CPU.ActiveCfg = Debug|Any CPU
		{55F7ADA8-F20D-4ED0-9780-56D840718C9F}.Debug|Any CPU.Build.0 = Debug|Any CPU
		{55F7ADA8-F20D-4ED0-9780-56D840718C9F}.Release|Any CPU.ActiveCfg = Release|Any CPU
		{55F7ADA8-F20D-4ED0-9780-56D840718C9F}.Release|Any CPU.Build.0 = Release|Any CPU
	EndGlobalSection
	GlobalSection(SolutionProperties) = preSolution
		HideSolutionNode = FALSE
	EndGlobalSection
	GlobalSection(ExtensibilityGlobals) = postSolution
		SolutionGuid = {B68F9E6C-5DA1-4B91-A4BF-94D3FD4073F4}
	EndGlobalSection
EndGlobal
